
Microsoft Visual Studio Solution File, Format Version 12.00
# Visual Studio Version 16
VisualStudioVersion = 16.0.31624.102
MinimumVisualStudioVersion = 10.0.40219.1
Project("{9A19103F-16F7-4668-BE54-9A1E7A4F7556}") = "IIS V4", "IIS V4.csproj", "{C16F172B-3F04-4F90-B0B6-18A32B51C03C}"
EndProject
Global
	GlobalSection(SolutionConfigurationPlatforms) = preSolution
		Debug|Any CPU = Debug|Any CPU
		Release|Any CPU = Release|Any CPU
	EndGlobalSection
	GlobalSection(ProjectConfigurationPlatforms) = postSolution
		{C16F172B-3F04-4F90-B0B6-18A32B51C03C}.Debug|Any CPU.ActiveCfg = Debug|Any CPU
		{C16F172B-3F04-4F90-B0B6-18A32B51C03C}.Debug|Any CPU.Build.0 = Debug|Any CPU
		{C16F172B-3F04-4F90-B0B6-18A32B51C03C}.Release|Any CPU.ActiveCfg = Release|Any CPU
		{C16F172B-3F04-4F90-B0B6-18A32B51C03C}.Release|Any CPU.Build.0 = Release|Any CPU
	EndGlobalSection
	GlobalSection(SolutionProperties) = preSolution
		HideSolutionNode = FALSE
	EndGlobalSection
	GlobalSection(ExtensibilityGlobals) = postSolution
		SolutionGuid = {C92C2CCC-4E77-4F9A-B09A-D6DD5A37462B}
	EndGlobalSection
EndGlobal
